
Microsoft Visual Studio Solution File, Format Version 12.00
Project("{2150E333-8FDC-42A3-9474-1A3956D46DE8}") = "Demos", "Demos", "{4000F61D-681B-4AA6-A675-D21D633D8582}"
EndProject
Project("{2150E333-8FDC-42A3-9474-1A3956D46DE8}") = "Controls", "Controls", "{2A967E27-207D-4F9A-880F-7B213443F9A1}"
EndProject
Project("{FAE04EC0-301F-11D3-BF4B-00C04F79EFBC}") = "StreamPlayerCore.WinForms.Control", "StreamPlayerCore.WinForms.Control\StreamPlayerCore.WinForms.Control.csproj", "{D4BCDF5A-B1BA-4FF9-91F8-5F4E7C33D468}"
EndProject
Project("{FAE04EC0-301F-11D3-BF4B-00C04F79EFBC}") = "StreamPlayerCore", "StreamPlayerCore\StreamPlayerCore.csproj", "{D7A72F7B-2B11-4073-A861-1E328D92FDB7}"
EndProject
Project("{FAE04EC0-301F-11D3-BF4B-00C04F79EFBC}") = "StreamPlayerCore.WinForms.Demo", "StreamPlayerCore.WinForms.Demo\StreamPlayerCore.WinForms.Demo.csproj", "{6A8C8B63-35B4-4471-80EB-7407722ED9BB}"
EndProject
Project("{FAE04EC0-301F-11D3-BF4B-00C04F79EFBC}") = "StreamPlayerCore.WPF.Control", "StreamPlayerCore.WPF.Control\StreamPlayerCore.WPF.Control.csproj", "{18253D1B-DF34-4F52-BE5D-5C19C1068184}"
EndProject
Project("{FAE04EC0-301F-11D3-BF4B-00C04F79EFBC}") = "StreamPlayerCore.WPF.Demo", "StreamPlayerCore.WPF.Demo\StreamPlayerCore.WPF.Demo.csproj", "{6D84AA0E-E679-4A66-B3B5-073203970C60}"
EndProject
Project("{FAE04EC0-301F-11D3-BF4B-00C04F79EFBC}") = "StreamPlayerCore.Helper", "StreamPlayerCore.Helper\StreamPlayerCore.Helper.csproj", "{586CA271-FF4B-4ECF-BDEA-913831FC2F52}"
EndProject
Global
	GlobalSection(SolutionConfigurationPlatforms) = preSolution
		Debug|Any CPU = Debug|Any CPU
		Release|Any CPU = Release|Any CPU
	EndGlobalSection
	GlobalSection(NestedProjects) = preSolution
		{D4BCDF5A-B1BA-4FF9-91F8-5F4E7C33D468} = {2A967E27-207D-4F9A-880F-7B213443F9A1}
		{6A8C8B63-35B4-4471-80EB-7407722ED9BB} = {4000F61D-681B-4AA6-A675-D21D633D8582}
		{18253D1B-DF34-4F52-BE5D-5C19C1068184} = {2A967E27-207D-4F9A-880F-7B213443F9A1}
		{6D84AA0E-E679-4A66-B3B5-073203970C60} = {4000F61D-681B-4AA6-A675-D21D633D8582}
		{586CA271-FF4B-4ECF-BDEA-913831FC2F52} = {2A967E27-207D-4F9A-880F-7B213443F9A1}
	EndGlobalSection
	GlobalSection(ProjectConfigurationPlatforms) = postSolution
		{D4BCDF5A-B1BA-4FF9-91F8-5F4E7C33D468}.Debug|Any CPU.ActiveCfg = Debug|Any CPU
		{D4BCDF5A-B1BA-4FF9-91F8-5F4E7C33D468}.Debug|Any CPU.Build.0 = Debug|Any CPU
		{D4BCDF5A-B1BA-4FF9-91F8-5F4E7C33D468}.Release|Any CPU.ActiveCfg = Release|Any CPU
		{D4BCDF5A-B1BA-4FF9-91F8-5F4E7C33D468}.Release|Any CPU.Build.0 = Release|Any CPU
		{D7A72F7B-2B11-4073-A861-1E328D92FDB7}.Debug|Any CPU.ActiveCfg = Debug|Any CPU
		{D7A72F7B-2B11-4073-A861-1E328D92FDB7}.Debug|Any CPU.Build.0 = Debug|Any CPU
		{D7A72F7B-2B11-4073-A861-1E328D92FDB7}.Release|Any CPU.ActiveCfg = Release|Any CPU
		{D7A72F7B-2B11-4073-A861-1E328D92FDB7}.Release|Any CPU.Build.0 = Release|Any CPU
		{6A8C8B63-35B4-4471-80EB-7407722ED9BB}.Debug|Any CPU.ActiveCfg = Debug|Any CPU
		{6A8C8B63-35B4-4471-80EB-7407722ED9BB}.Debug|Any CPU.Build.0 = Debug|Any CPU
		{6A8C8B63-35B4-4471-80EB-7407722ED9BB}.Release|Any CPU.ActiveCfg = Release|Any CPU
		{6A8C8B63-35B4-4471-80EB-7407722ED9BB}.Release|Any CPU.Build.0 = Release|Any CPU
		{18253D1B-DF34-4F52-BE5D-5C19C1068184}.Debug|Any CPU.ActiveCfg = Debug|Any CPU
		{18253D1B-DF34-4F52-BE5D-5C19C1068184}.Debug|Any CPU.Build.0 = Debug|Any CPU
		{18253D1B-DF34-4F52-BE5D-5C19C1068184}.Release|Any CPU.ActiveCfg = Release|Any CPU
		{18253D1B-DF34-4F52-BE5D-5C19C1068184}.Release|Any CPU.Build.0 = Release|Any CPU
		{6D84AA0E-E679-4A66-B3B5-073203970C60}.Debug|Any CPU.ActiveCfg = Debug|Any CPU
		{6D84AA0E-E679-4A66-B3B5-073203970C60}.Debug|Any CPU.Build.0 = Debug|Any CPU
		{6D84AA0E-E679-4A66-B3B5-073203970C60}.Release|Any CPU.ActiveCfg = Release|Any CPU
		{6D84AA0E-E679-4A66-B3B5-073203970C60}.Release|Any CPU.Build.0 = Release|Any CPU
		{586CA271-FF4B-4ECF-BDEA-913831FC2F52}.Debug|Any CPU.ActiveCfg = Debug|Any CPU
		{586CA271-FF4B-4ECF-BDEA-913831FC2F52}.Debug|Any CPU.Build.0 = Debug|Any CPU
		{586CA271-FF4B-4ECF-BDEA-913831FC2F52}.Release|Any CPU.ActiveCfg = Release|Any CPU
		{586CA271-FF4B-4ECF-BDEA-913831FC2F52}.Release|Any CPU.Build.0 = Release|Any CPU
	EndGlobalSection
EndGlobal
